
Microsoft Visual Studio Solution File, Format Version 12.00
# Visual Studio Version 17
VisualStudioVersion = 17.2.32901.213
MinimumVisualStudioVersion = 10.0.40219.1
Project("{9A19103F-16F7-4668-BE54-9A1E7A4F7556}") = "WeighingAutomation.LCS.DAL", "WeighingAutomation.LCS.DAL\WeighingAutomation.LCS.DAL.csproj", "{9BDEDE18-C4EA-4487-9790-C560C7B4EC14}"
EndProject
Project("{9A19103F-16F7-4668-BE54-9A1E7A4F7556}") = "WeighingAutomation.LCS.Models", "WeighingAutomation.LCS.Models\WeighingAutomation.LCS.Models.csproj", "{82BCEEB5-4FD2-4E59-8948-9BFA645904B0}"
EndProject
Project("{9A19103F-16F7-4668-BE54-9A1E7A4F7556}") = "WeighingAutomation.LCS.Repositories", "WeighingAutomation.LCS.Repositories\WeighingAutomation.LCS.Repositories.csproj", "{18C31D34-557B-403D-98B9-75F8F4909681}"
EndProject
Project("{9A19103F-16F7-4668-BE54-9A1E7A4F7556}") = "WeighingAutomation.LCS.Services", "WeighingAutomation.LCS.Services\WeighingAutomation.LCS.Services.csproj", "{F90A0B71-5B52-476E-B21B-01180202B544}"
EndProject
Project("{FAE04EC0-301F-11D3-BF4B-00C04F79EFBC}") = "CheckWeigher.UI", "CheckWeigher.UI\CheckWeigher.UI.csproj", "{373A258A-CA9F-494B-9D02-481E3FEB0F24}"
EndProject
Global
	GlobalSection(SolutionConfigurationPlatforms) = preSolution
		Debug|Any CPU = Debug|Any CPU
		Release|Any CPU = Release|Any CPU
	EndGlobalSection
	GlobalSection(ProjectConfigurationPlatforms) = postSolution
		{9BDEDE18-C4EA-4487-9790-C560C7B4EC14}.Debug|Any CPU.ActiveCfg = Debug|Any CPU
		{9BDEDE18-C4EA-4487-9790-C560C7B4EC14}.Debug|Any CPU.Build.0 = Debug|Any CPU
		{9BDEDE18-C4EA-4487-9790-C560C7B4EC14}.Release|Any CPU.ActiveCfg = Release|Any CPU
		{9BDEDE18-C4EA-4487-9790-C560C7B4EC14}.Release|Any CPU.Build.0 = Release|Any CPU
		{82BCEEB5-4FD2-4E59-8948-9BFA645904B0}.Debug|Any CPU.ActiveCfg = Debug|Any CPU
		{82BCEEB5-4FD2-4E59-8948-9BFA645904B0}.Debug|Any CPU.Build.0 = Debug|Any CPU
		{82BCEEB5-4FD2-4E59-8948-9BFA645904B0}.Release|Any CPU.ActiveCfg = Release|Any CPU
		{82BCEEB5-4FD2-4E59-8948-9BFA645904B0}.Release|Any CPU.Build.0 = Release|Any CPU
		{18C31D34-557B-403D-98B9-75F8F4909681}.Debug|Any CPU.ActiveCfg = Debug|Any CPU
		{18C31D34-557B-403D-98B9-75F8F4909681}.Debug|Any CPU.Build.0 = Debug|Any CPU
		{18C31D34-557B-403D-98B9-75F8F4909681}.Release|Any CPU.ActiveCfg = Release|Any CPU
		{18C31D34-557B-403D-98B9-75F8F4909681}.Release|Any CPU.Build.0 = Release|Any CPU
		{F90A0B71-5B52-476E-B21B-01180202B544}.Debug|Any CPU.ActiveCfg = Debug|Any CPU
		{F90A0B71-5B52-476E-B21B-01180202B544}.Debug|Any CPU.Build.0 = Debug|Any CPU
		{F90A0B71-5B52-476E-B21B-01180202B544}.Release|Any CPU.ActiveCfg = Release|Any CPU
		{F90A0B71-5B52-476E-B21B-01180202B544}.Release|Any CPU.Build.0 = Release|Any CPU
		{373A258A-CA9F-494B-9D02-481E3FEB0F24}.Debug|Any CPU.ActiveCfg = Debug|Any CPU
		{373A258A-CA9F-494B-9D02-481E3FEB0F24}.Debug|Any CPU.Build.0 = Debug|Any CPU
		{373A258A-CA9F-494B-9D02-481E3FEB0F24}.Release|Any CPU.ActiveCfg = Release|Any CPU
		{373A258A-CA9F-494B-9D02-481E3FEB0F24}.Release|Any CPU.Build.0 = Release|Any CPU
	EndGlobalSection
	GlobalSection(SolutionProperties) = preSolution
		HideSolutionNode = FALSE
	EndGlobalSection
	GlobalSection(ExtensibilityGlobals) = postSolution
		SolutionGuid = {21836F9E-6CC5-4EB3-932A-384731A0D3D7}
	EndGlobalSection
EndGlobal
